version: 1.0
shards:
  callback:
    github: mosop/callback
    version: 0.5.0.1

  cli:
    github: mosop/cli
    version: 0.5.1.5

  commander:
    github: mrrooijen/commander
    version: 0.3.3

  optarg:
    github: mosop/optarg
    version: 0.4.2.9

  string_inflection:
    github: mosop/string_inflection
    version: 0.2.0

  terminal_table:
    github: benoist/terminal_table.cr
    commit: a14e244219a6a7b804b3491bafcff73f4b74855e

